<?xml version="1.0" encoding="utf-8"?>
<Project ToolsVersion="4.0" xmlns="http://schemas.microsoft.com/developer/msbuild/2003">
  <ItemGroup>
    <Filter Include="Source Files">
      <UniqueIdentifier>{4FC737F1-C7A5-4376-A066-2A32D752A2FF}</UniqueIdentifier>
      <Extensions>qml;cpp;c;cc;cxx;def;odl;idl;hpj;bat;asm;asmx</Extensions>
    </Filter>
    <Filter Include="Header Files">
      <UniqueIdentifier>{93995380-89BD-4b04-88EB-625FBE52EBFB}</UniqueIdentifier>
      <Extensions>h;hh;hpp;hxx;hm;inl;inc;xsd</Extensions>
    </Filter>
    <Filter Include="Resource Files">
      <UniqueIdentifier>{67DA6AB6-F800-4c08-8B7A-83BB121AAD01}</UniqueIdentifier>
      <Extensions>qrc;rc;ico;cur;bmp;dlg;rc2;rct;bin;rgs;gif;jpg;jpeg;jpe;resx;tiff;tif;png;wav;mfcribbon-ms</Extensions>
    </Filter>
    <Filter Include="Form Files">
      <UniqueIdentifier>{99349809-55BA-4b9d-BF79-8FDBB0286EB3}</UniqueIdentifier>
      <Extensions>ui</Extensions>
    </Filter>
    <Filter Include="Translation Files">
      <UniqueIdentifier>{639EADAA-A684-42e4-A9AD-28FC9BCB8F7C}</UniqueIdentifier>
      <Extensions>ts</Extensions>
    </Filter>
  </ItemGroup>
  <ItemGroup>
    <QtUic Include="src\ui\about.ui">
      <Filter>Form Files</Filter>
    </QtUic>
    <QtUic Include="src\ui\cctvvideodownloader.ui">
      <Filter>Form Files</Filter>
    </QtUic>
    <QtUic Include="src\ui\ctvd.ui">
      <Filter>Form Files</Filter>
    </QtUic>
    <QtUic Include="src\ui\ctvd_setting.ui">
      <Filter>Form Files</Filter>
    </QtUic>
    <QtUic Include="src\ui\dialog.ui">
      <Filter>Form Files</Filter>
    </QtUic>
    <QtUic Include="src\ui\import.ui">
      <Filter>Form Files</Filter>
    </QtUic>
    <QtUic Include="src\ui\process.ui">
      <Filter>Form Files</Filter>
    </QtUic>
  </ItemGroup>
  <ItemGroup>
    <QtMoc Include="src\head\about.h">
      <Filter>Header Files</Filter>
    </QtMoc>
    <QtMoc Include="src\head\apiservice.h">
      <Filter>Header Files</Filter>
    </QtMoc>
    <QtMoc Include="src\head\cctvvideodownloader.h">
      <Filter>Header Files</Filter>
    </QtMoc>
    <QtMoc Include="src\head\concat.h">
      <Filter>Header Files</Filter>
    </QtMoc>
    <QtMoc Include="src\head\concatworker.h">
      <Filter>Header Files</Filter>
    </QtMoc>
    <QtMoc Include="src\head\decrypt.h">
      <Filter>Header Files</Filter>
    </QtMoc>
    <QtMoc Include="src\head\decryptworker.h">
      <Filter>Header Files</Filter>
    </QtMoc>
    <QtMoc Include="src\head\downloaddialog.h">
      <Filter>Header Files</Filter>
    </QtMoc>
    <QtMoc Include="src\head\downloadengine.h">
      <Filter>Header Files</Filter>
    </QtMoc>
    <QtMoc Include="src\head\downloadmodel.h">
      <Filter>Header Files</Filter>
    </QtMoc>
    <QtMoc Include="src\head\downloadtask.h">
      <Filter>Header Files</Filter>
    </QtMoc>
    <QtMoc Include="src\head\import.h">
      <Filter>Header Files</Filter>
    </QtMoc>
    <QtMoc Include="src\head\setting.h">
      <Filter>Header Files</Filter>
    </QtMoc>
    <QtMoc Include="src\head\logger.h">
      <Filter>Header Files</Filter>
    </QtMoc>
  </ItemGroup>
  <ItemGroup>
    <ClInclude Include="src\head\config.h">
      <Filter>Header Files</Filter>
    </ClInclude>
    <ClInclude Include="src\head\resource.h">
      <Filter>Header Files</Filter>
    </ClInclude>
    <ClInclude Include="tsmerger.h">
      <Filter>Header Files</Filter>
    </ClInclude>
  </ItemGroup>
  <ItemGroup>
    <Image Include="src\resources\CCTVVideoDownloader.ico">
      <Filter>Resource Files</Filter>
    </Image>
  </ItemGroup>
  <ItemGroup>
    <QtRcc Include="src\resources\cctvvideodownloader.qrc">
      <Filter>Resource Files</Filter>
    </QtRcc>
    <QtRcc Include="src\resources\resources.qrc">
      <Filter>Resource Files</Filter>
    </QtRcc>
  </ItemGroup>
  <ItemGroup>
    <ResourceCompile Include="src\resources\CCTVVideoDownloader.rc">
      <Filter>Resource Files</Filter>
    </ResourceCompile>
  </ItemGroup>
  <ItemGroup>
    <ClCompile Include="src\source\about.cpp">
      <Filter>Source Files</Filter>
    </ClCompile>
    <ClCompile Include="src\source\apiservice.cpp">
      <Filter>Source Files</Filter>
    </ClCompile>
    <ClCompile Include="src\source\cctvvideodownloader.cpp">
      <Filter>Source Files</Filter>
    </ClCompile>
    <ClCompile Include="src\source\concat.cpp">
      <Filter>Source Files</Filter>
    </ClCompile>
    <ClCompile Include="src\source\concatworker.cpp">
      <Filter>Source Files</Filter>
    </ClCompile>
    <ClCompile Include="src\source\config.cpp">
      <Filter>Source Files</Filter>
    </ClCompile>
    <ClCompile Include="src\source\decrypt.cpp">
      <Filter>Source Files</Filter>
    </ClCompile>
    <ClCompile Include="src\source\decryptworker.cpp">
      <Filter>Source Files</Filter>
    </ClCompile>
    <ClCompile Include="src\source\downloaddialog.cpp">
      <Filter>Source Files</Filter>
    </ClCompile>
    <ClCompile Include="src\source\downloadengine.cpp">
      <Filter>Source Files</Filter>
    </ClCompile>
    <ClCompile Include="src\source\downloadmodel.cpp">
      <Filter>Source Files</Filter>
    </ClCompile>
    <ClCompile Include="src\source\downloadtask.cpp">
      <Filter>Source Files</Filter>
    </ClCompile>
    <ClCompile Include="src\source\import.cpp">
      <Filter>Source Files</Filter>
    </ClCompile>
    <ClCompile Include="src\source\main.cpp">
      <Filter>Source Files</Filter>
    </ClCompile>
    <ClCompile Include="src\source\setting.cpp">
      <Filter>Source Files</Filter>
    </ClCompile>
    <ClCompile Include="src\source\tsmerger.cpp">
      <Filter>Source Files</Filter>
    </ClCompile>
    <ClCompile Include="src\source\logger.cpp">
      <Filter>Source Files</Filter>
    </ClCompile>
  </ItemGroup>
  <ItemGroup>
    <None Include="README.md" />
  </ItemGroup>
</Project>